// !$*UTF8*$!
{
	archiveVersion = 1;
	classes = {
	};
	objectVersion = 48;
	objects = {

/* Begin PBXBuildFile section */
		04625F64201AFBB5008F9A50 /* CommentModel.m in Sources */ = {isa = PBXBuildFile; fileRef = 04625F51201AFBB5008F9A50 /* CommentModel.m */; };
		04625F65201AFBB5008F9A50 /* UIViewController+BackButtonHandler.m in Sources */ = {isa = PBXBuildFile; fileRef = 04625F5B201AFBB5008F9A50 /* UIViewController+BackButtonHandler.m */; };
		04625F66201AFBB5008F9A50 /* UIImageView+Extension.m in Sources */ = {isa = PBXBuildFile; fileRef = 04625F5C201AFBB5008F9A50 /* UIImageView+Extension.m */; };
		04625F67201AFBB5008F9A50 /* UITabBar+PGExt.m in Sources */ = {isa = PBXBuildFile; fileRef = 04625F5D201AFBB5008F9A50 /* UITabBar+PGExt.m */; };
		04625F68201AFBB5008F9A50 /* NSDate+Extension.m in Sources */ = {isa = PBXBuildFile; fileRef = 04625F5E201AFBB5008F9A50 /* NSDate+Extension.m */; };
		04625F69201AFBB5008F9A50 /* NSString+Extension.m in Sources */ = {isa = PBXBuildFile; fileRef = 04625F5F201AFBB5008F9A50 /* NSString+Extension.m */; };
		04625F6A201AFBB5008F9A50 /* UIBarButtonItem+Extension.m in Sources */ = {isa = PBXBuildFile; fileRef = 04625F60201AFBB5008F9A50 /* UIBarButtonItem+Extension.m */; };
		04625F6B201AFBB5008F9A50 /* UIButton+Extension.m in Sources */ = {isa = PBXBuildFile; fileRef = 04625F61201AFBB5008F9A50 /* UIButton+Extension.m */; };
		04625F6C201AFBB5008F9A50 /* UIView+Extension.m in Sources */ = {isa = PBXBuildFile; fileRef = 04625F62201AFBB5008F9A50 /* UIView+Extension.m */; };
		04880BF3201ADB9D008F9FFA /* FYHorizonViewController.m in Sources */ = {isa = PBXBuildFile; fileRef = 04880BF2201ADB9D008F9FFA /* FYHorizonViewController.m */; };
		04880BF7201ADD07008F9FFA /* FYHorizontalMenuViewController.m in Sources */ = {isa = PBXBuildFile; fileRef = 04880BF6201ADD07008F9FFA /* FYHorizontalMenuViewController.m */; };
		04880BFB201ADF24008F9FFA /* FYPullDownViewController.m in Sources */ = {isa = PBXBuildFile; fileRef = 04880BFA201ADF24008F9FFA /* FYPullDownViewController.m */; };
		04A3AAF82019C4B100DBD841 /* AppDelegate.m in Sources */ = {isa = PBXBuildFile; fileRef = 04A3AAF72019C4B100DBD841 /* AppDelegate.m */; };
		04A3AAFE2019C4B100DBD841 /* Main.storyboard in Resources */ = {isa = PBXBuildFile; fileRef = 04A3AAFC2019C4B100DBD841 /* Main.storyboard */; };
		04A3AB002019C4B100DBD841 /* Assets.xcassets in Resources */ = {isa = PBXBuildFile; fileRef = 04A3AAFF2019C4B100DBD841 /* Assets.xcassets */; };
		04A3AB032019C4B100DBD841 /* LaunchScreen.storyboard in Resources */ = {isa = PBXBuildFile; fileRef = 04A3AB012019C4B100DBD841 /* LaunchScreen.storyboard */; };
		04A3AB062019C4B100DBD841 /* main.m in Sources */ = {isa = PBXBuildFile; fileRef = 04A3AB052019C4B100DBD841 /* main.m */; };
		04A3AB2F2019C4BC00DBD841 /* FYButton.m in Sources */ = {isa = PBXBuildFile; fileRef = 04A3AB0F2019C4BC00DBD841 /* FYButton.m */; };
		04A3AB302019C4BC00DBD841 /* FYHorizontailCollectionViewCell.m in Sources */ = {isa = PBXBuildFile; fileRef = 04A3AB122019C4BC00DBD841 /* FYHorizontailCollectionViewCell.m */; };
		04A3AB312019C4BC00DBD841 /* FYHorizontalView.m in Sources */ = {isa = PBXBuildFile; fileRef = 04A3AB142019C4BC00DBD841 /* FYHorizontalView.m */; };
		04A3AB322019C4BC00DBD841 /* FYHorizontalMenuView.m in Sources */ = {isa = PBXBuildFile; fileRef = 04A3AB172019C4BC00DBD841 /* FYHorizontalMenuView.m */; };
		04A3AB332019C4BC00DBD841 /* FYMenuCell.m in Sources */ = {isa = PBXBuildFile; fileRef = 04A3AB192019C4BC00DBD841 /* FYMenuCell.m */; };
		04A3AB342019C4BC00DBD841 /* FYMenuViewCollectionViewCell.m in Sources */ = {isa = PBXBuildFile; fileRef = 04A3AB1B2019C4BC00DBD841 /* FYMenuViewCollectionViewCell.m */; };
		04A3AB352019C4BC00DBD841 /* FYTextField.m in Sources */ = {isa = PBXBuildFile; fileRef = 04A3AB1E2019C4BC00DBD841 /* FYTextField.m */; };
		04A3AB362019C4BC00DBD841 /* FYTextFieldItem.m in Sources */ = {isa = PBXBuildFile; fileRef = 04A3AB202019C4BC00DBD841 /* FYTextFieldItem.m */; };
		04A3AB372019C4BC00DBD841 /* FYTextFieldViewModel.m in Sources */ = {isa = PBXBuildFile; fileRef = 04A3AB222019C4BC00DBD841 /* FYTextFieldViewModel.m */; };
		04A3AB382019C4BC00DBD841 /* FYPullDowmView.m in Sources */ = {isa = PBXBuildFile; fileRef = 04A3AB252019C4BC00DBD841 /* FYPullDowmView.m */; };
		04A3AB392019C4BC00DBD841 /* FYPullDownModel.m in Sources */ = {isa = PBXBuildFile; fileRef = 04A3AB272019C4BC00DBD841 /* FYPullDownModel.m */; };
		04A3AB3A2019C4BC00DBD841 /* MenuTableViewCell.m in Sources */ = {isa = PBXBuildFile; fileRef = 04A3AB292019C4BC00DBD841 /* MenuTableViewCell.m */; };
		04A3AB3B2019C4BC00DBD841 /* MenuView.m in Sources */ = {isa = PBXBuildFile; fileRef = 04A3AB2B2019C4BC00DBD841 /* MenuView.m */; };
		04A3AB3C2019C4BC00DBD841 /* SourceView.m in Sources */ = {isa = PBXBuildFile; fileRef = 04A3AB2E2019C4BC00DBD841 /* SourceView.m */; };
		04A3AB5B2019C7F500DBD841 /* MainTableViewController.m in Sources */ = {isa = PBXBuildFile; fileRef = 04A3AB5A2019C7F500DBD841 /* MainTableViewController.m */; };
		04A3AB632019CA6600DBD841 /* FYTextFieldViewController.m in Sources */ = {isa = PBXBuildFile; fileRef = 04A3AB612019CA6600DBD841 /* FYTextFieldViewController.m */; };
		04A3AB642019CA6600DBD841 /* FYTextFieldViewController.xib in Resources */ = {isa = PBXBuildFile; fileRef = 04A3AB622019CA6600DBD841 /* FYTextFieldViewController.xib */; };
		04A3AB702019D04F00DBD841 /* FYButtonViewController.m in Sources */ = {isa = PBXBuildFile; fileRef = 04A3AB6E2019D04F00DBD841 /* FYButtonViewController.m */; };
		04A3AB712019D04F00DBD841 /* FYButtonViewController.xib in Resources */ = {isa = PBXBuildFile; fileRef = 04A3AB6F2019D04F00DBD841 /* FYButtonViewController.xib */; };
		04A3AB752019D13100DBD841 /* FYSourceViewController.m in Sources */ = {isa = PBXBuildFile; fileRef = 04A3AB732019D13100DBD841 /* FYSourceViewController.m */; };
		04A3AB762019D13100DBD841 /* FYSourceViewController.xib in Resources */ = {isa = PBXBuildFile; fileRef = 04A3AB742019D13100DBD841 /* FYSourceViewController.xib */; };
		F9585129CF130BE3E812469D /* libPods-FYUntil.a in Frameworks */ = {isa = PBXBuildFile; fileRef = 5A8E6A21F4371B0F68D8092A /* libPods-FYUntil.a */; };
/* End PBXBuildFile section */

/* Begin PBXFileReference section */
		04625F51201AFBB5008F9A50 /* CommentModel.m */ = {isa = PBXFileReference; fileEncoding = 4; lastKnownFileType = sourcecode.c.objc; path = CommentModel.m; sourceTree = "<group>"; };
		04625F52201AFBB5008F9A50 /* CommentModel.h */ = {isa = PBXFileReference; fileEncoding = 4; lastKnownFileType = sourcecode.c.h; path = CommentModel.h; sourceTree = "<group>"; };
		04625F54201AFBB5008F9A50 /* UIImageView+Extension.h */ = {isa = PBXFileReference; fileEncoding = 4; lastKnownFileType = sourcecode.c.h; path = "UIImageView+Extension.h"; sourceTree = "<group>"; };
		04625F55201AFBB5008F9A50 /* NSString+Extension.h */ = {isa = PBXFileReference; fileEncoding = 4; lastKnownFileType = sourcecode.c.h; path = "NSString+Extension.h"; sourceTree = "<group>"; };
		04625F56201AFBB5008F9A50 /* NSDate+Extension.h */ = {isa = PBXFileReference; fileEncoding = 4; lastKnownFileType = sourcecode.c.h; path = "NSDate+Extension.h"; sourceTree = "<group>"; };
		04625F57201AFBB5008F9A50 /* UITabBar+PGExt.h */ = {isa = PBXFileReference; fileEncoding = 4; lastKnownFileType = sourcecode.c.h; path = "UITabBar+PGExt.h"; sourceTree = "<group>"; };
		04625F58201AFBB5008F9A50 /* UIView+Extension.h */ = {isa = PBXFileReference; fileEncoding = 4; lastKnownFileType = sourcecode.c.h; path = "UIView+Extension.h"; sourceTree = "<group>"; };
		04625F59201AFBB5008F9A50 /* UIButton+Extension.h */ = {isa = PBXFileReference; fileEncoding = 4; lastKnownFileType = sourcecode.c.h; path = "UIButton+Extension.h"; sourceTree = "<group>"; };
		04625F5A201AFBB5008F9A50 /* UIBarButtonItem+Extension.h */ = {isa = PBXFileReference; fileEncoding = 4; lastKnownFileType = sourcecode.c.h; path = "UIBarButtonItem+Extension.h"; sourceTree = "<group>"; };
		04625F5B201AFBB5008F9A50 /* UIViewController+BackButtonHandler.m */ = {isa = PBXFileReference; fileEncoding = 4; lastKnownFileType = sourcecode.c.objc; path = "UIViewController+BackButtonHandler.m"; sourceTree = "<group>"; };
		04625F5C201AFBB5008F9A50 /* UIImageView+Extension.m */ = {isa = PBXFileReference; fileEncoding = 4; lastKnownFileType = sourcecode.c.objc; path = "UIImageView+Extension.m"; sourceTree = "<group>"; };
		04625F5D201AFBB5008F9A50 /* UITabBar+PGExt.m */ = {isa = PBXFileReference; fileEncoding = 4; lastKnownFileType = sourcecode.c.objc; path = "UITabBar+PGExt.m"; sourceTree = "<group>"; };
		04625F5E201AFBB5008F9A50 /* NSDate+Extension.m */ = {isa = PBXFileReference; fileEncoding = 4; lastKnownFileType = sourcecode.c.objc; path = "NSDate+Extension.m"; sourceTree = "<group>"; };
		04625F5F201AFBB5008F9A50 /* NSString+Extension.m */ = {isa = PBXFileReference; fileEncoding = 4; lastKnownFileType = sourcecode.c.objc; path = "NSString+Extension.m"; sourceTree = "<group>"; };
		04625F60201AFBB5008F9A50 /* UIBarButtonItem+Extension.m */ = {isa = PBXFileReference; fileEncoding = 4; lastKnownFileType = sourcecode.c.objc; path = "UIBarButtonItem+Extension.m"; sourceTree = "<group>"; };
		04625F61201AFBB5008F9A50 /* UIButton+Extension.m */ = {isa = PBXFileReference; fileEncoding = 4; lastKnownFileType = sourcecode.c.objc; path = "UIButton+Extension.m"; sourceTree = "<group>"; };
		04625F62201AFBB5008F9A50 /* UIView+Extension.m */ = {isa = PBXFileReference; fileEncoding = 4; lastKnownFileType = sourcecode.c.objc; path = "UIView+Extension.m"; sourceTree = "<group>"; };
		04625F63201AFBB5008F9A50 /* UIViewController+BackButtonHandler.h */ = {isa = PBXFileReference; fileEncoding = 4; lastKnownFileType = sourcecode.c.h; path = "UIViewController+BackButtonHandler.h"; sourceTree = "<group>"; };
		04880BF1201ADB9D008F9FFA /* FYHorizonViewController.h */ = {isa = PBXFileReference; lastKnownFileType = sourcecode.c.h; path = FYHorizonViewController.h; sourceTree = "<group>"; };
		04880BF2201ADB9D008F9FFA /* FYHorizonViewController.m */ = {isa = PBXFileReference; lastKnownFileType = sourcecode.c.objc; path = FYHorizonViewController.m; sourceTree = "<group>"; };
		04880BF5201ADD07008F9FFA /* FYHorizontalMenuViewController.h */ = {isa = PBXFileReference; lastKnownFileType = sourcecode.c.h; path = FYHorizontalMenuViewController.h; sourceTree = "<group>"; };
		04880BF6201ADD07008F9FFA /* FYHorizontalMenuViewController.m */ = {isa = PBXFileReference; lastKnownFileType = sourcecode.c.objc; path = FYHorizontalMenuViewController.m; sourceTree = "<group>"; };
		04880BF9201ADF24008F9FFA /* FYPullDownViewController.h */ = {isa = PBXFileReference; lastKnownFileType = sourcecode.c.h; path = FYPullDownViewController.h; sourceTree = "<group>"; };
		04880BFA201ADF24008F9FFA /* FYPullDownViewController.m */ = {isa = PBXFileReference; lastKnownFileType = sourcecode.c.objc; path = FYPullDownViewController.m; sourceTree = "<group>"; };
		04A3AAF32019C4B100DBD841 /* FYUntil.app */ = {isa = PBXFileReference; explicitFileType = wrapper.application; includeInIndex = 0; path = FYUntil.app; sourceTree = BUILT_PRODUCTS_DIR; };
		04A3AAF62019C4B100DBD841 /* AppDelegate.h */ = {isa = PBXFileReference; lastKnownFileType = sourcecode.c.h; path = AppDelegate.h; sourceTree = "<group>"; };
		04A3AAF72019C4B100DBD841 /* AppDelegate.m */ = {isa = PBXFileReference; lastKnownFileType = sourcecode.c.objc; path = AppDelegate.m; sourceTree = "<group>"; };
		04A3AAFD2019C4B100DBD841 /* Base */ = {isa = PBXFileReference; lastKnownFileType = file.storyboard; name = Base; path = Base.lproj/Main.storyboard; sourceTree = "<group>"; };
		04A3AAFF2019C4B100DBD841 /* Assets.xcassets */ = {isa = PBXFileReference; lastKnownFileType = folder.assetcatalog; path = Assets.xcassets; sourceTree = "<group>"; };
		04A3AB022019C4B100DBD841 /* Base */ = {isa = PBXFileReference; lastKnownFileType = file.storyboard; name = Base; path = Base.lproj/LaunchScreen.storyboard; sourceTree = "<group>"; };
		04A3AB042019C4B100DBD841 /* Info.plist */ = {isa = PBXFileReference; lastKnownFileType = text.plist.xml; path = Info.plist; sourceTree = "<group>"; };
		04A3AB052019C4B100DBD841 /* main.m */ = {isa = PBXFileReference; lastKnownFileType = sourcecode.c.objc; path = main.m; sourceTree = "<group>"; };
		04A3AB0E2019C4BC00DBD841 /* FYButton.h */ = {isa = PBXFileReference; fileEncoding = 4; lastKnownFileType = sourcecode.c.h; path = FYButton.h; sourceTree = "<group>"; };
		04A3AB0F2019C4BC00DBD841 /* FYButton.m */ = {isa = PBXFileReference; fileEncoding = 4; lastKnownFileType = sourcecode.c.objc; path = FYButton.m; sourceTree = "<group>"; };
		04A3AB112019C4BC00DBD841 /* FYHorizontailCollectionViewCell.h */ = {isa = PBXFileReference; fileEncoding = 4; lastKnownFileType = sourcecode.c.h; path = FYHorizontailCollectionViewCell.h; sourceTree = "<group>"; };
		04A3AB122019C4BC00DBD841 /* FYHorizontailCollectionViewCell.m */ = {isa = PBXFileReference; fileEncoding = 4; lastKnownFileType = sourcecode.c.objc; path = FYHorizontailCollectionViewCell.m; sourceTree = "<group>"; };
		04A3AB132019C4BC00DBD841 /* FYHorizontalView.h */ = {isa = PBXFileReference; fileEncoding = 4; lastKnownFileType = sourcecode.c.h; path = FYHorizontalView.h; sourceTree = "<group>"; };
		04A3AB142019C4BC00DBD841 /* FYHorizontalView.m */ = {isa = PBXFileReference; fileEncoding = 4; lastKnownFileType = sourcecode.c.objc; path = FYHorizontalView.m; sourceTree = "<group>"; };
		04A3AB162019C4BC00DBD841 /* FYHorizontalMenuView.h */ = {isa = PBXFileReference; fileEncoding = 4; lastKnownFileType = sourcecode.c.h; path = FYHorizontalMenuView.h; sourceTree = "<group>"; };
		04A3AB172019C4BC00DBD841 /* FYHorizontalMenuView.m */ = {isa = PBXFileReference; fileEncoding = 4; lastKnownFileType = sourcecode.c.objc; path = FYHorizontalMenuView.m; sourceTree = "<group>"; };
		04A3AB182019C4BC00DBD841 /* FYMenuCell.h */ = {isa = PBXFileReference; fileEncoding = 4; lastKnownFileType = sourcecode.c.h; path = FYMenuCell.h; sourceTree = "<group>"; };
		04A3AB192019C4BC00DBD841 /* FYMenuCell.m */ = {isa = PBXFileReference; fileEncoding = 4; lastKnownFileType = sourcecode.c.objc; path = FYMenuCell.m; sourceTree = "<group>"; };
		04A3AB1A2019C4BC00DBD841 /* FYMenuViewCollectionViewCell.h */ = {isa = PBXFileReference; fileEncoding = 4; lastKnownFileType = sourcecode.c.h; path = FYMenuViewCollectionViewCell.h; sourceTree = "<group>"; };
		04A3AB1B2019C4BC00DBD841 /* FYMenuViewCollectionViewCell.m */ = {isa = PBXFileReference; fileEncoding = 4; lastKnownFileType = sourcecode.c.objc; path = FYMenuViewCollectionViewCell.m; sourceTree = "<group>"; };
		04A3AB1D2019C4BC00DBD841 /* FYTextField.h */ = {isa = PBXFileReference; fileEncoding = 4; lastKnownFileType = sourcecode.c.h; path = FYTextField.h; sourceTree = "<group>"; };
		04A3AB1E2019C4BC00DBD841 /* FYTextField.m */ = {isa = PBXFileReference; fileEncoding = 4; lastKnownFileType = sourcecode.c.objc; path = FYTextField.m; sourceTree = "<group>"; };
		04A3AB1F2019C4BC00DBD841 /* FYTextFieldItem.h */ = {isa = PBXFileReference; fileEncoding = 4; lastKnownFileType = sourcecode.c.h; path = FYTextFieldItem.h; sourceTree = "<group>"; };
		04A3AB202019C4BC00DBD841 /* FYTextFieldItem.m */ = {isa = PBXFileReference; fileEncoding = 4; lastKnownFileType = sourcecode.c.objc; path = FYTextFieldItem.m; sourceTree = "<group>"; };
		04A3AB212019C4BC00DBD841 /* FYTextFieldViewModel.h */ = {isa = PBXFileReference; fileEncoding = 4; lastKnownFileType = sourcecode.c.h; path = FYTextFieldViewModel.h; sourceTree = "<group>"; };
		04A3AB222019C4BC00DBD841 /* FYTextFieldViewModel.m */ = {isa = PBXFileReference; fileEncoding = 4; lastKnownFileType = sourcecode.c.objc; path = FYTextFieldViewModel.m; sourceTree = "<group>"; };
		04A3AB242019C4BC00DBD841 /* FYPullDowmView.h */ = {isa = PBXFileReference; fileEncoding = 4; lastKnownFileType = sourcecode.c.h; path = FYPullDowmView.h; sourceTree = "<group>"; };
		04A3AB252019C4BC00DBD841 /* FYPullDowmView.m */ = {isa = PBXFileReference; fileEncoding = 4; lastKnownFileType = sourcecode.c.objc; path = FYPullDowmView.m; sourceTree = "<group>"; };
		04A3AB262019C4BC00DBD841 /* FYPullDownModel.h */ = {isa = PBXFileReference; fileEncoding = 4; lastKnownFileType = sourcecode.c.h; path = FYPullDownModel.h; sourceTree = "<group>"; };
		04A3AB272019C4BC00DBD841 /* FYPullDownModel.m */ = {isa = PBXFileReference; fileEncoding = 4; lastKnownFileType = sourcecode.c.objc; path = FYPullDownModel.m; sourceTree = "<group>"; };
		04A3AB282019C4BC00DBD841 /* MenuTableViewCell.h */ = {isa = PBXFileReference; fileEncoding = 4; lastKnownFileType = sourcecode.c.h; path = MenuTableViewCell.h; sourceTree = "<group>"; };
		04A3AB292019C4BC00DBD841 /* MenuTableViewCell.m */ = {isa = PBXFileReference; fileEncoding = 4; lastKnownFileType = sourcecode.c.objc; path = MenuTableViewCell.m; sourceTree = "<group>"; };
		04A3AB2A2019C4BC00DBD841 /* MenuView.h */ = {isa = PBXFileReference; fileEncoding = 4; lastKnownFileType = sourcecode.c.h; path = MenuView.h; sourceTree = "<group>"; };
		04A3AB2B2019C4BC00DBD841 /* MenuView.m */ = {isa = PBXFileReference; fileEncoding = 4; lastKnownFileType = sourcecode.c.objc; path = MenuView.m; sourceTree = "<group>"; };
		04A3AB2D2019C4BC00DBD841 /* SourceView.h */ = {isa = PBXFileReference; fileEncoding = 4; lastKnownFileType = sourcecode.c.h; path = SourceView.h; sourceTree = "<group>"; };
		04A3AB2E2019C4BC00DBD841 /* SourceView.m */ = {isa = PBXFileReference; fileEncoding = 4; lastKnownFileType = sourcecode.c.objc; path = SourceView.m; sourceTree = "<group>"; };
		04A3AB592019C7F500DBD841 /* MainTableViewController.h */ = {isa = PBXFileReference; lastKnownFileType = sourcecode.c.h; path = MainTableViewController.h; sourceTree = "<group>"; };
		04A3AB5A2019C7F500DBD841 /* MainTableViewController.m */ = {isa = PBXFileReference; lastKnownFileType = sourcecode.c.objc; path = MainTableViewController.m; sourceTree = "<group>"; };
		04A3AB602019CA6600DBD841 /* FYTextFieldViewController.h */ = {isa = PBXFileReference; lastKnownFileType = sourcecode.c.h; path = FYTextFieldViewController.h; sourceTree = "<group>"; };
		04A3AB612019CA6600DBD841 /* FYTextFieldViewController.m */ = {isa = PBXFileReference; lastKnownFileType = sourcecode.c.objc; path = FYTextFieldViewController.m; sourceTree = "<group>"; };
		04A3AB622019CA6600DBD841 /* FYTextFieldViewController.xib */ = {isa = PBXFileReference; lastKnownFileType = file.xib; path = FYTextFieldViewController.xib; sourceTree = "<group>"; };
		04A3AB6D2019D04F00DBD841 /* FYButtonViewController.h */ = {isa = PBXFileReference; lastKnownFileType = sourcecode.c.h; path = FYButtonViewController.h; sourceTree = "<group>"; };
		04A3AB6E2019D04F00DBD841 /* FYButtonViewController.m */ = {isa = PBXFileReference; lastKnownFileType = sourcecode.c.objc; path = FYButtonViewController.m; sourceTree = "<group>"; };
		04A3AB6F2019D04F00DBD841 /* FYButtonViewController.xib */ = {isa = PBXFileReference; lastKnownFileType = file.xib; path = FYButtonViewController.xib; sourceTree = "<group>"; };
		04A3AB722019D13100DBD841 /* FYSourceViewController.h */ = {isa = PBXFileReference; lastKnownFileType = sourcecode.c.h; path = FYSourceViewController.h; sourceTree = "<group>"; };
		04A3AB732019D13100DBD841 /* FYSourceViewController.m */ = {isa = PBXFileReference; lastKnownFileType = sourcecode.c.objc; path = FYSourceViewController.m; sourceTree = "<group>"; };
		04A3AB742019D13100DBD841 /* FYSourceViewController.xib */ = {isa = PBXFileReference; lastKnownFileType = file.xib; path = FYSourceViewController.xib; sourceTree = "<group>"; };
		5A8E6A21F4371B0F68D8092A /* libPods-FYUntil.a */ = {isa = PBXFileReference; explicitFileType = archive.ar; includeInIndex = 0; path = "libPods-FYUntil.a"; sourceTree = BUILT_PRODUCTS_DIR; };
		60D9AE985339150C13B5CA96 /* Pods-FYUntil.debug.xcconfig */ = {isa = PBXFileReference; includeInIndex = 1; lastKnownFileType = text.xcconfig; name = "Pods-FYUntil.debug.xcconfig"; path = "Pods/Target Support Files/Pods-FYUntil/Pods-FYUntil.debug.xcconfig"; sourceTree = "<group>"; };
		6A2568BB29744721F9A3E7E1 /* Pods-FYUntil.release.xcconfig */ = {isa = PBXFileReference; includeInIndex = 1; lastKnownFileType = text.xcconfig; name = "Pods-FYUntil.release.xcconfig"; path = "Pods/Target Support Files/Pods-FYUntil/Pods-FYUntil.release.xcconfig"; sourceTree = "<group>"; };
/* End PBXFileReference section */

/* Begin PBXFrameworksBuildPhase section */
		04A3AAF02019C4B100DBD841 /* Frameworks */ = {
			isa = PBXFrameworksBuildPhase;
			buildActionMask = 2147483647;
			files = (
				F9585129CF130BE3E812469D /* libPods-FYUntil.a in Frameworks */,
			);
			runOnlyForDeploymentPostprocessing = 0;
		};
/* End PBXFrameworksBuildPhase section */

/* Begin PBXGroup section */
		04625F50201AFB71008F9A50 /* Comment */ = {
			isa = PBXGroup;
			children = (
				04625F53201AFBB5008F9A50 /* category */,
				04625F52201AFBB5008F9A50 /* CommentModel.h */,
				04625F51201AFBB5008F9A50 /* CommentModel.m */,
			);
			path = Comment;
			sourceTree = "<group>";
		};
		04625F53201AFBB5008F9A50 /* category */ = {
			isa = PBXGroup;
			children = (
				04625F54201AFBB5008F9A50 /* UIImageView+Extension.h */,
				04625F55201AFBB5008F9A50 /* NSString+Extension.h */,
				04625F56201AFBB5008F9A50 /* NSDate+Extension.h */,
				04625F57201AFBB5008F9A50 /* UITabBar+PGExt.h */,
				04625F58201AFBB5008F9A50 /* UIView+Extension.h */,
				04625F59201AFBB5008F9A50 /* UIButton+Extension.h */,
				04625F5A201AFBB5008F9A50 /* UIBarButtonItem+Extension.h */,
				04625F5B201AFBB5008F9A50 /* UIViewController+BackButtonHandler.m */,
				04625F5C201AFBB5008F9A50 /* UIImageView+Extension.m */,
				04625F5D201AFBB5008F9A50 /* UITabBar+PGExt.m */,
				04625F5E201AFBB5008F9A50 /* NSDate+Extension.m */,
				04625F5F201AFBB5008F9A50 /* NSString+Extension.m */,
				04625F60201AFBB5008F9A50 /* UIBarButtonItem+Extension.m */,
				04625F61201AFBB5008F9A50 /* UIButton+Extension.m */,
				04625F62201AFBB5008F9A50 /* UIView+Extension.m */,
				04625F63201AFBB5008F9A50 /* UIViewController+BackButtonHandler.h */,
			);
			path = category;
			sourceTree = "<group>";
		};
		04880BF0201ADB7E008F9FFA /* FYHorizonView */ = {
			isa = PBXGroup;
			children = (
				04880BF1201ADB9D008F9FFA /* FYHorizonViewController.h */,
				04880BF2201ADB9D008F9FFA /* FYHorizonViewController.m */,
			);
			path = FYHorizonView;
			sourceTree = "<group>";
		};
		04880BF4201ADCEC008F9FFA /* FYMenuView */ = {
			isa = PBXGroup;
			children = (
				04880BF5201ADD07008F9FFA /* FYHorizontalMenuViewController.h */,
				04880BF6201ADD07008F9FFA /* FYHorizontalMenuViewController.m */,
			);
			path = FYMenuView;
			sourceTree = "<group>";
		};
		04880BF8201ADF0B008F9FFA /* FYPullDownView */ = {
			isa = PBXGroup;
			children = (
				04880BF9201ADF24008F9FFA /* FYPullDownViewController.h */,
				04880BFA201ADF24008F9FFA /* FYPullDownViewController.m */,
			);
			path = FYPullDownView;
			sourceTree = "<group>";
		};
		04A3AAEA2019C4B100DBD841 = {
			isa = PBXGroup;
			children = (
				04A3AAF52019C4B100DBD841 /* FYUntil */,
				04A3AAF42019C4B100DBD841 /* Products */,
				E46231E7FBAF12C501376A73 /* Pods */,
				29269A13FC0983AE7F362A17 /* Frameworks */,
			);
			sourceTree = "<group>";
		};
		04A3AAF42019C4B100DBD841 /* Products */ = {
			isa = PBXGroup;
			children = (
				04A3AAF32019C4B100DBD841 /* FYUntil.app */,
			);
			name = Products;
			sourceTree = "<group>";
		};
		04A3AAF52019C4B100DBD841 /* FYUntil */ = {
			isa = PBXGroup;
			children = (
				04A3AB5C2019CA1C00DBD841 /* Sample */,
				04A3AB0C2019C4BC00DBD841 /* FY */,
				04A3AAF62019C4B100DBD841 /* AppDelegate.h */,
				04A3AAF72019C4B100DBD841 /* AppDelegate.m */,
				04A3AB592019C7F500DBD841 /* MainTableViewController.h */,
				04A3AB5A2019C7F500DBD841 /* MainTableViewController.m */,
				04A3AAFC2019C4B100DBD841 /* Main.storyboard */,
				04A3AAFF2019C4B100DBD841 /* Assets.xcassets */,
				04A3AB012019C4B100DBD841 /* LaunchScreen.storyboard */,
				04A3AB042019C4B100DBD841 /* Info.plist */,
				04A3AB052019C4B100DBD841 /* main.m */,
			);
			path = FYUntil;
			sourceTree = "<group>";
		};
		04A3AB0C2019C4BC00DBD841 /* FY */ = {
			isa = PBXGroup;
			children = (
				04625F50201AFB71008F9A50 /* Comment */,
				04A3AB0D2019C4BC00DBD841 /* FYButton */,
				04A3AB102019C4BC00DBD841 /* FYHorizonView */,
				04A3AB152019C4BC00DBD841 /* FYMenuView */,
				04A3AB1C2019C4BC00DBD841 /* FYTextField */,
				04A3AB232019C4BC00DBD841 /* PullDownView */,
				04A3AB2C2019C4BC00DBD841 /* SourceView */,
			);
			path = FY;
			sourceTree = "<group>";
		};
		04A3AB0D2019C4BC00DBD841 /* FYButton */ = {
			isa = PBXGroup;
			children = (
				04A3AB0E2019C4BC00DBD841 /* FYButton.h */,
				04A3AB0F2019C4BC00DBD841 /* FYButton.m */,
			);
			path = FYButton;
			sourceTree = "<group>";
		};
		04A3AB102019C4BC00DBD841 /* FYHorizonView */ = {
			isa = PBXGroup;
			children = (
				04A3AB112019C4BC00DBD841 /* FYHorizontailCollectionViewCell.h */,
				04A3AB122019C4BC00DBD841 /* FYHorizontailCollectionViewCell.m */,
				04A3AB132019C4BC00DBD841 /* FYHorizontalView.h */,
				04A3AB142019C4BC00DBD841 /* FYHorizontalView.m */,
			);
			path = FYHorizonView;
			sourceTree = "<group>";
		};
		04A3AB152019C4BC00DBD841 /* FYMenuView */ = {
			isa = PBXGroup;
			children = (
				04A3AB162019C4BC00DBD841 /* FYHorizontalMenuView.h */,
				04A3AB172019C4BC00DBD841 /* FYHorizontalMenuView.m */,
				04A3AB182019C4BC00DBD841 /* FYMenuCell.h */,
				04A3AB192019C4BC00DBD841 /* FYMenuCell.m */,
				04A3AB1A2019C4BC00DBD841 /* FYMenuViewCollectionViewCell.h */,
				04A3AB1B2019C4BC00DBD841 /* FYMenuViewCollectionViewCell.m */,
			);
			path = FYMenuView;
			sourceTree = "<group>";
		};
		04A3AB1C2019C4BC00DBD841 /* FYTextField */ = {
			isa = PBXGroup;
			children = (
				04A3AB1D2019C4BC00DBD841 /* FYTextField.h */,
				04A3AB1E2019C4BC00DBD841 /* FYTextField.m */,
				04A3AB1F2019C4BC00DBD841 /* FYTextFieldItem.h */,
				04A3AB202019C4BC00DBD841 /* FYTextFieldItem.m */,
				04A3AB212019C4BC00DBD841 /* FYTextFieldViewModel.h */,
				04A3AB222019C4BC00DBD841 /* FYTextFieldViewModel.m */,
			);
			path = FYTextField;
			sourceTree = "<group>";
		};
		04A3AB232019C4BC00DBD841 /* PullDownView */ = {
			isa = PBXGroup;
			children = (
				04A3AB242019C4BC00DBD841 /* FYPullDowmView.h */,
				04A3AB252019C4BC00DBD841 /* FYPullDowmView.m */,
				04A3AB262019C4BC00DBD841 /* FYPullDownModel.h */,
				04A3AB272019C4BC00DBD841 /* FYPullDownModel.m */,
				04A3AB282019C4BC00DBD841 /* MenuTableViewCell.h */,
				04A3AB292019C4BC00DBD841 /* MenuTableViewCell.m */,
				04A3AB2A2019C4BC00DBD841 /* MenuView.h */,
				04A3AB2B2019C4BC00DBD841 /* MenuView.m */,
			);
			path = PullDownView;
			sourceTree = "<group>";
		};
		04A3AB2C2019C4BC00DBD841 /* SourceView */ = {
			isa = PBXGroup;
			children = (
				04A3AB2D2019C4BC00DBD841 /* SourceView.h */,
				04A3AB2E2019C4BC00DBD841 /* SourceView.m */,
			);
			path = SourceView;
			sourceTree = "<group>";
		};
		04A3AB5C2019CA1C00DBD841 /* Sample */ = {
			isa = PBXGroup;
			children = (
				04880BF8201ADF0B008F9FFA /* FYPullDownView */,
				04880BF4201ADCEC008F9FFA /* FYMenuView */,
				04880BF0201ADB7E008F9FFA /* FYHorizonView */,
				04A3AB5D2019CA5500DBD841 /* FYButton */,
				04A3AB5E2019CA5500DBD841 /* FYSourceView */,
				04A3AB5F2019CA5500DBD841 /* FYTextField */,
			);
			path = Sample;
			sourceTree = "<group>";
		};
		04A3AB5D2019CA5500DBD841 /* FYButton */ = {
			isa = PBXGroup;
			children = (
				04A3AB6D2019D04F00DBD841 /* FYButtonViewController.h */,
				04A3AB6E2019D04F00DBD841 /* FYButtonViewController.m */,
				04A3AB6F2019D04F00DBD841 /* FYButtonViewController.xib */,
			);
			path = FYButton;
			sourceTree = "<group>";
		};
		04A3AB5E2019CA5500DBD841 /* FYSourceView */ = {
			isa = PBXGroup;
			children = (
				04A3AB722019D13100DBD841 /* FYSourceViewController.h */,
				04A3AB732019D13100DBD841 /* FYSourceViewController.m */,
				04A3AB742019D13100DBD841 /* FYSourceViewController.xib */,
			);
			path = FYSourceView;
			sourceTree = "<group>";
		};
		04A3AB5F2019CA5500DBD841 /* FYTextField */ = {
			isa = PBXGroup;
			children = (
				04A3AB602019CA6600DBD841 /* FYTextFieldViewController.h */,
				04A3AB612019CA6600DBD841 /* FYTextFieldViewController.m */,
				04A3AB622019CA6600DBD841 /* FYTextFieldViewController.xib */,
			);
			path = FYTextField;
			sourceTree = "<group>";
		};
		29269A13FC0983AE7F362A17 /* Frameworks */ = {
			isa = PBXGroup;
			children = (
				5A8E6A21F4371B0F68D8092A /* libPods-FYUntil.a */,
			);
			name = Frameworks;
			sourceTree = "<group>";
		};
		E46231E7FBAF12C501376A73 /* Pods */ = {
			isa = PBXGroup;
			children = (
				60D9AE985339150C13B5CA96 /* Pods-FYUntil.debug.xcconfig */,
				6A2568BB29744721F9A3E7E1 /* Pods-FYUntil.release.xcconfig */,
			);
			name = Pods;
			sourceTree = "<group>";
		};
/* End PBXGroup section */

/* Begin PBXNativeTarget section */
		04A3AAF22019C4B100DBD841 /* FYUntil */ = {
			isa = PBXNativeTarget;
			buildConfigurationList = 04A3AB092019C4B100DBD841 /* Build configuration list for PBXNativeTarget "FYUntil" */;
			buildPhases = (
				E4A205CEB19FBF4BD7F64308 /* [CP] Check Pods Manifest.lock */,
				04A3AAEF2019C4B100DBD841 /* Sources */,
				04A3AAF02019C4B100DBD841 /* Frameworks */,
				04A3AAF12019C4B100DBD841 /* Resources */,
				351DF06CE65CBA96B8CF7844 /* [CP] Embed Pods Frameworks */,
				5485A6360D5A2828A473D235 /* [CP] Copy Pods Resources */,
			);
			buildRules = (
			);
			dependencies = (
			);
			name = FYUntil;
			productName = FYUntil;
			productReference = 04A3AAF32019C4B100DBD841 /* FYUntil.app */;
			productType = "com.apple.product-type.application";
		};
/* End PBXNativeTarget section */

/* Begin PBXProject section */
		04A3AAEB2019C4B100DBD841 /* Project object */ = {
			isa = PBXProject;
			attributes = {
				LastUpgradeCheck = 0920;
				ORGANIZATIONNAME = fanyang;
				TargetAttributes = {
					04A3AAF22019C4B100DBD841 = {
						CreatedOnToolsVersion = 9.2;
						ProvisioningStyle = Automatic;
					};
				};
			};
			buildConfigurationList = 04A3AAEE2019C4B100DBD841 /* Build configuration list for PBXProject "FYUntil" */;
			compatibilityVersion = "Xcode 8.0";
			developmentRegion = en;
			hasScannedForEncodings = 0;
			knownRegions = (
				en,
				Base,
			);
			mainGroup = 04A3AAEA2019C4B100DBD841;
			productRefGroup = 04A3AAF42019C4B100DBD841 /* Products */;
			projectDirPath = "";
			projectRoot = "";
			targets = (
				04A3AAF22019C4B100DBD841 /* FYUntil */,
			);
		};
/* End PBXProject section */

/* Begin PBXResourcesBuildPhase section */
		04A3AAF12019C4B100DBD841 /* Resources */ = {
			isa = PBXResourcesBuildPhase;
			buildActionMask = 2147483647;
			files = (
				04A3AB032019C4B100DBD841 /* LaunchScreen.storyboard in Resources */,
				04A3AB642019CA6600DBD841 /* FYTextFieldViewController.xib in Resources */,
				04A3AB762019D13100DBD841 /* FYSourceViewController.xib in Resources */,
				04A3AB002019C4B100DBD841 /* Assets.xcassets in Resources */,
				04A3AAFE2019C4B100DBD841 /* Main.storyboard in Resources */,
				04A3AB712019D04F00DBD841 /* FYButtonViewController.xib in Resources */,
			);
			runOnlyForDeploymentPostprocessing = 0;
		};
/* End PBXResourcesBuildPhase section */

/* Begin PBXShellScriptBuildPhase section */
		351DF06CE65CBA96B8CF7844 /* [CP] Embed Pods Frameworks */ = {
			isa = PBXShellScriptBuildPhase;
			buildActionMask = 2147483647;
			files = (
			);
			inputPaths = (
			);
			name = "[CP] Embed Pods Frameworks";
			outputPaths = (
			);
			runOnlyForDeploymentPostprocessing = 0;
			shellPath = /bin/sh;
			shellScript = "\"${SRCROOT}/Pods/Target Support Files/Pods-FYUntil/Pods-FYUntil-frameworks.sh\"\n";
			showEnvVarsInLog = 0;
		};
		5485A6360D5A2828A473D235 /* [CP] Copy Pods Resources */ = {
			isa = PBXShellScriptBuildPhase;
			buildActionMask = 2147483647;
			files = (
			);
			inputPaths = (
			);
			name = "[CP] Copy Pods Resources";
			outputPaths = (
			);
			runOnlyForDeploymentPostprocessing = 0;
			shellPath = /bin/sh;
			shellScript = "\"${SRCROOT}/Pods/Target Support Files/Pods-FYUntil/Pods-FYUntil-resources.sh\"\n";
			showEnvVarsInLog = 0;
		};
		E4A205CEB19FBF4BD7F64308 /* [CP] Check Pods Manifest.lock */ = {
			isa = PBXShellScriptBuildPhase;
			buildActionMask = 2147483647;
			files = (
			);
			inputPaths = (
			);
			name = "[CP] Check Pods Manifest.lock";
			outputPaths = (
			);
			runOnlyForDeploymentPostprocessing = 0;
			shellPath = /bin/sh;
			shellScript = "diff \"${PODS_PODFILE_DIR_PATH}/Podfile.lock\" \"${PODS_ROOT}/Manifest.lock\" > /dev/null\nif [ $? != 0 ] ; then\n    # print error to STDERR\n    echo \"error: The sandbox is not in sync with the Podfile.lock. Run 'pod install' or update your CocoaPods installation.\" >&2\n    exit 1\nfi\n";
			showEnvVarsInLog = 0;
		};
/* End PBXShellScriptBuildPhase section */

/* Begin PBXSourcesBuildPhase section */
		04A3AAEF2019C4B100DBD841 /* Sources */ = {
			isa = PBXSourcesBuildPhase;
			buildActionMask = 2147483647;
			files = (
				04625F68201AFBB5008F9A50 /* NSDate+Extension.m in Sources */,
				04A3AB342019C4BC00DBD841 /* FYMenuViewCollectionViewCell.m in Sources */,
				04880BF7201ADD07008F9FFA /* FYHorizontalMenuViewController.m in Sources */,
				04A3AB392019C4BC00DBD841 /* FYPullDownModel.m in Sources */,
				04A3AB2F2019C4BC00DBD841 /* FYButton.m in Sources */,
				04A3AB352019C4BC00DBD841 /* FYTextField.m in Sources */,
				04625F65201AFBB5008F9A50 /* UIViewController+BackButtonHandler.m in Sources */,
				04625F66201AFBB5008F9A50 /* UIImageView+Extension.m in Sources */,
				04880BFB201ADF24008F9FFA /* FYPullDownViewController.m in Sources */,
				04A3AB302019C4BC00DBD841 /* FYHorizontailCollectionViewCell.m in Sources */,
				04625F69201AFBB5008F9A50 /* NSString+Extension.m in Sources */,
				04A3AB3B2019C4BC00DBD841 /* MenuView.m in Sources */,
				04A3AB752019D13100DBD841 /* FYSourceViewController.m in Sources */,
				04625F6B201AFBB5008F9A50 /* UIButton+Extension.m in Sources */,
				04625F6C201AFBB5008F9A50 /* UIView+Extension.m in Sources */,
				04A3AB3C2019C4BC00DBD841 /* SourceView.m in Sources */,
				04625F67201AFBB5008F9A50 /* UITabBar+PGExt.m in Sources */,
				04A3AB5B2019C7F500DBD841 /* MainTableViewController.m in Sources */,
				04A3AB702019D04F00DBD841 /* FYButtonViewController.m in Sources */,
				04A3AB332019C4BC00DBD841 /* FYMenuCell.m in Sources */,
				04A3AB3A2019C4BC00DBD841 /* MenuTableViewCell.m in Sources */,
				04A3AB632019CA6600DBD841 /* FYTextFieldViewController.m in Sources */,
				04A3AB362019C4BC00DBD841 /* FYTextFieldItem.m in Sources */,
				04A3AB062019C4B100DBD841 /* main.m in Sources */,
				04A3AAF82019C4B100DBD841 /* AppDelegate.m in Sources */,
				04A3AB382019C4BC00DBD841 /* FYPullDowmView.m in Sources */,
				04625F6A201AFBB5008F9A50 /* UIBarButtonItem+Extension.m in Sources */,
				04A3AB372019C4BC00DBD841 /* FYTextFieldViewModel.m in Sources */,
				04A3AB312019C4BC00DBD841 /* FYHorizontalView.m in Sources */,
				04625F64201AFBB5008F9A50 /* CommentModel.m in Sources */,
				04A3AB322019C4BC00DBD841 /* FYHorizontalMenuView.m in Sources */,
				04880BF3201ADB9D008F9FFA /* FYHorizonViewController.m in Sources */,
			);
			runOnlyForDeploymentPostprocessing = 0;
		};
/* End PBXSourcesBuildPhase section */

/* Begin PBXVariantGroup section */
		04A3AAFC2019C4B100DBD841 /* Main.storyboard */ = {
			isa = PBXVariantGroup;
			children = (
				04A3AAFD2019C4B100DBD841 /* Base */,
			);
			name = Main.storyboard;
			sourceTree = "<group>";
		};
		04A3AB012019C4B100DBD841 /* LaunchScreen.storyboard */ = {
			isa = PBXVariantGroup;
			children = (
				04A3AB022019C4B100DBD841 /* Base */,
			);
			name = LaunchScreen.storyboard;
			sourceTree = "<group>";
		};
/* End PBXVariantGroup section */

/* Begin XCBuildConfiguration section */
		04A3AB072019C4B100DBD841 /* Debug */ = {
			isa = XCBuildConfiguration;
			buildSettings = {
				ALWAYS_SEARCH_USER_PATHS = NO;
				CLANG_ANALYZER_NONNULL = YES;
				CLANG_ANALYZER_NUMBER_OBJECT_CONVERSION = YES_AGGRESSIVE;
				CLANG_CXX_LANGUAGE_STANDARD = "gnu++14";
				CLANG_CXX_LIBRARY = "libc++";
				CLANG_ENABLE_MODULES = YES;
				CLANG_ENABLE_OBJC_ARC = YES;
				CLANG_WARN_BLOCK_CAPTURE_AUTORELEASING = YES;
				CLANG_WARN_BOOL_CONVERSION = YES;
				CLANG_WARN_COMMA = YES;
				CLANG_WARN_CONSTANT_CONVERSION = YES;
				CLANG_WARN_DIRECT_OBJC_ISA_USAGE = YES_ERROR;
				CLANG_WARN_DOCUMENTATION_COMMENTS = YES;
				CLANG_WARN_EMPTY_BODY = YES;
				CLANG_WARN_ENUM_CONVERSION = YES;
				CLANG_WARN_INFINITE_RECURSION = YES;
				CLANG_WARN_INT_CONVERSION = YES;
				CLANG_WARN_NON_LITERAL_NULL_CONVERSION = YES;
				CLANG_WARN_OBJC_LITERAL_CONVERSION = YES;
				CLANG_WARN_OBJC_ROOT_CLASS = YES_ERROR;
				CLANG_WARN_RANGE_LOOP_ANALYSIS = YES;
				CLANG_WARN_STRICT_PROTOTYPES = YES;
				CLANG_WARN_SUSPICIOUS_MOVE = YES;
				CLANG_WARN_UNGUARDED_AVAILABILITY = YES_AGGRESSIVE;
				CLANG_WARN_UNREACHABLE_CODE = YES;
				CLANG_WARN__DUPLICATE_METHOD_MATCH = YES;
				CODE_SIGN_IDENTITY = "iPhone Developer";
				COPY_PHASE_STRIP = NO;
				DEBUG_INFORMATION_FORMAT = dwarf;
				ENABLE_STRICT_OBJC_MSGSEND = YES;
				ENABLE_TESTABILITY = YES;
				GCC_C_LANGUAGE_STANDARD = gnu11;
				GCC_DYNAMIC_NO_PIC = NO;
				GCC_NO_COMMON_BLOCKS = YES;
				GCC_OPTIMIZATION_LEVEL = 0;
				GCC_PREPROCESSOR_DEFINITIONS = (
					"DEBUG=1",
					"$(inherited)",
				);
				GCC_WARN_64_TO_32_BIT_CONVERSION = YES;
				GCC_WARN_ABOUT_RETURN_TYPE = YES_ERROR;
				GCC_WARN_UNDECLARED_SELECTOR = YES;
				GCC_WARN_UNINITIALIZED_AUTOS = YES_AGGRESSIVE;
				GCC_WARN_UNUSED_FUNCTION = YES;
				GCC_WARN_UNUSED_VARIABLE = YES;
				IPHONEOS_DEPLOYMENT_TARGET = 11.2;
				MTL_ENABLE_DEBUG_INFO = YES;
				ONLY_ACTIVE_ARCH = YES;
				SDKROOT = iphoneos;
			};
			name = Debug;
		};
		04A3AB082019C4B100DBD841 /* Release */ = {
			isa = XCBuildConfiguration;
			buildSettings = {
				ALWAYS_SEARCH_USER_PATHS = NO;
				CLANG_ANALYZER_NONNULL = YES;
				CLANG_ANALYZER_NUMBER_OBJECT_CONVERSION = YES_AGGRESSIVE;
				CLANG_CXX_LANGUAGE_STANDARD = "gnu++14";
				CLANG_CXX_LIBRARY = "libc++";
				CLANG_ENABLE_MODULES = YES;
				CLANG_ENABLE_OBJC_ARC = YES;
				CLANG_WARN_BLOCK_CAPTURE_AUTORELEASING = YES;
				CLANG_WARN_BOOL_CONVERSION = YES;
				CLANG_WARN_COMMA = YES;
				CLANG_WARN_CONSTANT_CONVERSION = YES;
				CLANG_WARN_DIRECT_OBJC_ISA_USAGE = YES_ERROR;
				CLANG_WARN_DOCUMENTATION_COMMENTS = YES;
				CLANG_WARN_EMPTY_BODY = YES;
				CLANG_WARN_ENUM_CONVERSION = YES;
				CLANG_WARN_INFINITE_RECURSION = YES;
				CLANG_WARN_INT_CONVERSION = YES;
				CLANG_WARN_NON_LITERAL_NULL_CONVERSION = YES;
				CLANG_WARN_OBJC_LITERAL_CONVERSION = YES;
				CLANG_WARN_OBJC_ROOT_CLASS = YES_ERROR;
				CLANG_WARN_RANGE_LOOP_ANALYSIS = YES;
				CLANG_WARN_STRICT_PROTOTYPES = YES;
				CLANG_WARN_SUSPICIOUS_MOVE = YES;
				CLANG_WARN_UNGUARDED_AVAILABILITY = YES_AGGRESSIVE;
				CLANG_WARN_UNREACHABLE_CODE = YES;
				CLANG_WARN__DUPLICATE_METHOD_MATCH = YES;
				CODE_SIGN_IDENTITY = "iPhone Developer";
				COPY_PHASE_STRIP = NO;
				DEBUG_INFORMATION_FORMAT = "dwarf-with-dsym";
				ENABLE_NS_ASSERTIONS = NO;
				ENABLE_STRICT_OBJC_MSGSEND = YES;
				GCC_C_LANGUAGE_STANDARD = gnu11;
				GCC_NO_COMMON_BLOCKS = YES;
				GCC_WARN_64_TO_32_BIT_CONVERSION = YES;
				GCC_WARN_ABOUT_RETURN_TYPE = YES_ERROR;
				GCC_WARN_UNDECLARED_SELECTOR = YES;
				GCC_WARN_UNINITIALIZED_AUTOS = YES_AGGRESSIVE;
				GCC_WARN_UNUSED_FUNCTION = YES;
				GCC_WARN_UNUSED_VARIABLE = YES;
				IPHONEOS_DEPLOYMENT_TARGET = 11.2;
				MTL_ENABLE_DEBUG_INFO = NO;
				SDKROOT = iphoneos;
				VALIDATE_PRODUCT = YES;
			};
			name = Release;
		};
		04A3AB0A2019C4B100DBD841 /* Debug */ = {
			isa = XCBuildConfiguration;
			baseConfigurationReference = 60D9AE985339150C13B5CA96 /* Pods-FYUntil.debug.xcconfig */;
			buildSettings = {
				ASSETCATALOG_COMPILER_APPICON_NAME = AppIcon;
				CODE_SIGN_STYLE = Automatic;
				INFOPLIST_FILE = FYUntil/Info.plist;
				LD_RUNPATH_SEARCH_PATHS = "$(inherited) @executable_path/Frameworks";
				PRODUCT_BUNDLE_IDENTIFIER = cn..FYUntil;
				PRODUCT_NAME = "$(TARGET_NAME)";
				TARGETED_DEVICE_FAMILY = "1,2";
			};
			name = Debug;
		};
		04A3AB0B2019C4B100DBD841 /* Release */ = {
			isa = XCBuildConfiguration;
			baseConfigurationReference = 6A2568BB29744721F9A3E7E1 /* Pods-FYUntil.release.xcconfig */;
			buildSettings = {
				ASSETCATALOG_COMPILER_APPICON_NAME = AppIcon;
				CODE_SIGN_STYLE = Automatic;
				INFOPLIST_FILE = FYUntil/Info.plist;
				LD_RUNPATH_SEARCH_PATHS = "$(inherited) @executable_path/Frameworks";
				PRODUCT_BUNDLE_IDENTIFIER = cn..FYUntil;
				PRODUCT_NAME = "$(TARGET_NAME)";
				TARGETED_DEVICE_FAMILY = "1,2";
			};
			name = Release;
		};
/* End XCBuildConfiguration section */

/* Begin XCConfigurationList section */
		04A3AAEE2019C4B100DBD841 /* Build configuration list for PBXProject "FYUntil" */ = {
			isa = XCConfigurationList;
			buildConfigurations = (
				04A3AB072019C4B100DBD841 /* Debug */,
				04A3AB082019C4B100DBD841 /* Release */,
			);
			defaultConfigurationIsVisible = 0;
			defaultConfigurationName = Release;
		};
		04A3AB092019C4B100DBD841 /* Build configuration list for PBXNativeTarget "FYUntil" */ = {
			isa = XCConfigurationList;
			buildConfigurations = (
				04A3AB0A2019C4B100DBD841 /* Debug */,
				04A3AB0B2019C4B100DBD841 /* Release */,
			);
			defaultConfigurationIsVisible = 0;
			defaultConfigurationName = Release;
		};
/* End XCConfigurationList section */
	};
	rootObject = 04A3AAEB2019C4B100DBD841 /* Project object */;
}
